
Microsoft Visual Studio Solution File, Format Version 12.00
# Visual Studio Version 16
VisualStudioVersion = 16.0.30907.101
MinimumVisualStudioVersion = 10.0.40219.1
Project("{FAE04EC0-301F-11D3-BF4B-00C04F79EFBC}") = "CommercialAutomationDevExpress", "CommercialAutomationDevExpress\CommercialAutomationDevExpress.csproj", "{1981EDE1-1777-4F5A-8F6C-A848CB9107EC}"
EndProject
Global
	GlobalSection(SolutionConfigurationPlatforms) = preSolution
		Debug|Any CPU = Debug|Any CPU
		Release|Any CPU = Release|Any CPU
	EndGlobalSection
	GlobalSection(ProjectConfigurationPlatforms) = postSolution
		{1981EDE1-1777-4F5A-8F6C-A848CB9107EC}.Debug|Any CPU.ActiveCfg = Debug|Any CPU
		{1981EDE1-1777-4F5A-8F6C-A848CB9107EC}.Debug|Any CPU.Build.0 = Debug|Any CPU
		{1981EDE1-1777-4F5A-8F6C-A848CB9107EC}.Release|Any CPU.ActiveCfg = Release|Any CPU
		{1981EDE1-1777-4F5A-8F6C-A848CB9107EC}.Release|Any CPU.Build.0 = Release|Any CPU
	EndGlobalSection
	GlobalSection(SolutionProperties) = preSolution
		HideSolutionNode = FALSE
	EndGlobalSection
	GlobalSection(ExtensibilityGlobals) = postSolution
		SolutionGuid = {70F8E0C4-DA07-433E-AC11-076C0C78751F}
	EndGlobalSection
EndGlobal
